
Microsoft Visual Studio Solution File, Format Version 12.00
# Visual Studio 15
VisualStudioVersion = 15.0.27130.2010
MinimumVisualStudioVersion = 10.0.40219.1
Project("{9A19103F-16F7-4668-BE54-9A1E7A4F7556}") = "Pdf2PdfInsertor.ConsoleUi", "Pdf2PdfInsertor.ConsoleUi\Pdf2PdfInsertor.ConsoleUi.csproj", "{F40D5A42-0B7B-48A4-801C-7428E7586F89}"
EndProject
Project("{FAE04EC0-301F-11D3-BF4B-00C04F79EFBC}") = "Pdf2PdfInsertor.Core", "Pdf2PdfInsertor.Core\Pdf2PdfInsertor.Core.csproj", "{8BF1EEF7-5789-4B58-A5FA-DC45D9ADEE52}"
EndProject
Project("{FAE04EC0-301F-11D3-BF4B-00C04F79EFBC}") = "Pdf2PdfInsertor", "Pdf2PdfInsertor\Pdf2PdfInsertor.csproj", "{577D8190-3E7E-4F54-AA50-0DCEAE4AC0F7}"
EndProject
Project("{FAE04EC0-301F-11D3-BF4B-00C04F79EFBC}") = "Pdf2PdfInsertor.Core.Itf", "Pdf2PdfInsertor.Core.Itf\Pdf2PdfInsertor.Core.Itf.csproj", "{451567DD-268B-49FC-BF58-1DCB3A21636A}"
EndProject
Global
	GlobalSection(SolutionConfigurationPlatforms) = preSolution
		Debug|Any CPU = Debug|Any CPU
		Release|Any CPU = Release|Any CPU
	EndGlobalSection
	GlobalSection(ProjectConfigurationPlatforms) = postSolution
		{F40D5A42-0B7B-48A4-801C-7428E7586F89}.Debug|Any CPU.ActiveCfg = Debug|Any CPU
		{F40D5A42-0B7B-48A4-801C-7428E7586F89}.Debug|Any CPU.Build.0 = Debug|Any CPU
		{F40D5A42-0B7B-48A4-801C-7428E7586F89}.Release|Any CPU.ActiveCfg = Release|Any CPU
		{F40D5A42-0B7B-48A4-801C-7428E7586F89}.Release|Any CPU.Build.0 = Release|Any CPU
		{8BF1EEF7-5789-4B58-A5FA-DC45D9ADEE52}.Debug|Any CPU.ActiveCfg = Debug|Any CPU
		{8BF1EEF7-5789-4B58-A5FA-DC45D9ADEE52}.Debug|Any CPU.Build.0 = Debug|Any CPU
		{8BF1EEF7-5789-4B58-A5FA-DC45D9ADEE52}.Release|Any CPU.ActiveCfg = Release|Any CPU
		{8BF1EEF7-5789-4B58-A5FA-DC45D9ADEE52}.Release|Any CPU.Build.0 = Release|Any CPU
		{577D8190-3E7E-4F54-AA50-0DCEAE4AC0F7}.Debug|Any CPU.ActiveCfg = Debug|Any CPU
		{577D8190-3E7E-4F54-AA50-0DCEAE4AC0F7}.Debug|Any CPU.Build.0 = Debug|Any CPU
		{577D8190-3E7E-4F54-AA50-0DCEAE4AC0F7}.Release|Any CPU.ActiveCfg = Release|Any CPU
		{577D8190-3E7E-4F54-AA50-0DCEAE4AC0F7}.Release|Any CPU.Build.0 = Release|Any CPU
		{451567DD-268B-49FC-BF58-1DCB3A21636A}.Debug|Any CPU.ActiveCfg = Debug|Any CPU
		{451567DD-268B-49FC-BF58-1DCB3A21636A}.Debug|Any CPU.Build.0 = Debug|Any CPU
		{451567DD-268B-49FC-BF58-1DCB3A21636A}.Release|Any CPU.ActiveCfg = Release|Any CPU
		{451567DD-268B-49FC-BF58-1DCB3A21636A}.Release|Any CPU.Build.0 = Release|Any CPU
	EndGlobalSection
	GlobalSection(SolutionProperties) = preSolution
		HideSolutionNode = FALSE
	EndGlobalSection
	GlobalSection(ExtensibilityGlobals) = postSolution
		SolutionGuid = {ABEBE2C0-F45E-4685-AE30-1D48C5A2F4A1}
	EndGlobalSection
EndGlobal
